PODS:
  - document_file_save_plus (0.0.1):
    - Flutter
  - Flutter (1.0.0)

DEPENDENCIES:
  - document_file_save_plus (from `.symlinks/plugins/document_file_save_plus/ios`)
  - Flutter (from `Flutter`)

EXTERNAL SOURCES:
  document_file_save_plus:
    :path: ".symlinks/plugins/document_file_save_plus/ios"
  Flutter:
    :path: Flutter

SPEC CHECKSUMS:
  document_file_save_plus: 913d440d8b611ae19add4522ed578e3ed1483a2f
  Flutter: f04841e97a9d0b0a8025694d0796dd46242b2854

PODFILE CHECKSUM: ef19549a9bc3046e7bb7d2fab4d021637c0c58a3

COCOAPODS: 1.11.2
